
Microsoft Visual Studio Solution File, Format Version 12.00
# Visual Studio Version 16
VisualStudioVersion = 16.0.30621.155
MinimumVisualStudioVersion = 10.0.40219.1
Project("{9A19103F-16F7-4668-BE54-9A1E7A4F7556}") = "CoreServer", "CoreServer\CoreServer.csproj", "{A11AE775-86C5-442C-A153-EC71F503A015}"
EndProject
Project("{9A19103F-16F7-4668-BE54-9A1E7A4F7556}") = "CoreCoordinator", "CoreCoordinator\CoreCoordinator.csproj", "{09421D80-5EE7-4A9D-B459-D544E61D66DE}"
EndProject
Project("{FAE04EC0-301F-11D3-BF4B-00C04F79EFBC}") = "Coordinator", "Coordinator\Coordinator.csproj", "{4E1BE746-9475-46EB-BFBE-DCD06A02ECFB}"
EndProject
Global
	GlobalSection(SolutionConfigurationPlatforms) = preSolution
		Debug|Any CPU = Debug|Any CPU
		Release|Any CPU = Release|Any CPU
	EndGlobalSection
	GlobalSection(ProjectConfigurationPlatforms) = postSolution
		{A11AE775-86C5-442C-A153-EC71F503A015}.Debug|Any CPU.ActiveCfg = Debug|Any CPU
		{A11AE775-86C5-442C-A153-EC71F503A015}.Debug|Any CPU.Build.0 = Debug|Any CPU
		{A11AE775-86C5-442C-A153-EC71F503A015}.Release|Any CPU.ActiveCfg = Release|Any CPU
		{A11AE775-86C5-442C-A153-EC71F503A015}.Release|Any CPU.Build.0 = Release|Any CPU
		{09421D80-5EE7-4A9D-B459-D544E61D66DE}.Debug|Any CPU.ActiveCfg = Debug|Any CPU
		{09421D80-5EE7-4A9D-B459-D544E61D66DE}.Debug|Any CPU.Build.0 = Debug|Any CPU
		{09421D80-5EE7-4A9D-B459-D544E61D66DE}.Release|Any CPU.ActiveCfg = Release|Any CPU
		{09421D80-5EE7-4A9D-B459-D544E61D66DE}.Release|Any CPU.Build.0 = Release|Any CPU
		{4E1BE746-9475-46EB-BFBE-DCD06A02ECFB}.Debug|Any CPU.ActiveCfg = Debug|Any CPU
		{4E1BE746-9475-46EB-BFBE-DCD06A02ECFB}.Debug|Any CPU.Build.0 = Debug|Any CPU
		{4E1BE746-9475-46EB-BFBE-DCD06A02ECFB}.Release|Any CPU.ActiveCfg = Release|Any CPU
		{4E1BE746-9475-46EB-BFBE-DCD06A02ECFB}.Release|Any CPU.Build.0 = Release|Any CPU
	EndGlobalSection
	GlobalSection(SolutionProperties) = preSolution
		HideSolutionNode = FALSE
	EndGlobalSection
	GlobalSection(ExtensibilityGlobals) = postSolution
		SolutionGuid = {D93D09CB-94F6-45B0-97A7-ADEA5823C6B5}
	EndGlobalSection
EndGlobal
